// !$*UTF8*$!
{
	archiveVersion = 1;
	classes = {
	};
	objectVersion = 56;
	objects = {

/* Begin PBXBuildFile section */
		C98547A82C0844A800E48989 /* WaveLoadingDemoApp.swift in Sources */ = {isa = PBXBuildFile; fileRef = C98547A72C0844A800E48989 /* WaveLoadingDemoApp.swift */; };
		C98547AC2C0844A800E48989 /* ContentView.swift in Sources */ = {isa = PBXBuildFile; fileRef = C98547AB2C0844A800E48989 /* ContentView.swift */; };
		C98547AE2C0844A900E48989 /* Assets.xcassets in Resources */ = {isa = PBXBuildFile; fileRef = C98547AD2C0844A900E48989 /* Assets.xcassets */; };
		C98547B32C0844A900E48989 /* Preview Assets.xcassets in Resources */ = {isa = PBXBuildFile; fileRef = C98547B22C0844A900E48989 /* Preview Assets.xcassets */; };
		C98547BD2C0844A900E48989 /* WaveLoadingDemoTests.swift in Sources */ = {isa = PBXBuildFile; fileRef = C98547BC2C0844A900E48989 /* WaveLoadingDemoTests.swift */; };
		C98547C72C0844A900E48989 /* WaveLoadingDemoUITests.swift in Sources */ = {isa = PBXBuildFile; fileRef = C98547C62C0844A900E48989 /* WaveLoadingDemoUITests.swift */; };
		C98547C92C0844A900E48989 /* WaveLoadingDemoUITestsLaunchTests.swift in Sources */ = {isa = PBXBuildFile; fileRef = C98547C82C0844A900E48989 /* WaveLoadingDemoUITestsLaunchTests.swift */; };
/* End PBXBuildFile section */

/* Begin PBXContainerItemProxy section */
		C98547B92C0844A900E48989 /* PBXContainerItemProxy */ = {
			isa = PBXContainerItemProxy;
			containerPortal = C985479C2C0844A800E48989 /* Project object */;
			proxyType = 1;
			remoteGlobalIDString = C98547A32C0844A800E48989;
			remoteInfo = WaveLoadingDemo;
		};
		C98547C32C0844A900E48989 /* PBXContainerItemProxy */ = {
			isa = PBXContainerItemProxy;
			containerPortal = C985479C2C0844A800E48989 /* Project object */;
			proxyType = 1;
			remoteGlobalIDString = C98547A32C0844A800E48989;
			remoteInfo = WaveLoadingDemo;
		};
/* End PBXContainerItemProxy section */

/* Begin PBXFileReference section */
		C98547A42C0844A800E48989 /* WaveLoadingDemo.app */ = {isa = PBXFileReference; explicitFileType = wrapper.application; includeInIndex = 0; path = WaveLoadingDemo.app; sourceTree = BUILT_PRODUCTS_DIR; };
		C98547A72C0844A800E48989 /* WaveLoadingDemoApp.swift */ = {isa = PBXFileReference; lastKnownFileType = sourcecode.swift; path = WaveLoadingDemoApp.swift; sourceTree = "<group>"; };
		C98547AB2C0844A800E48989 /* ContentView.swift */ = {isa = PBXFileReference; lastKnownFileType = sourcecode.swift; path = ContentView.swift; sourceTree = "<group>"; };
		C98547AD2C0844A900E48989 /* Assets.xcassets */ = {isa = PBXFileReference; lastKnownFileType = folder.assetcatalog; path = Assets.xcassets; sourceTree = "<group>"; };
		C98547AF2C0844A900E48989 /* Info.plist */ = {isa = PBXFileReference; lastKnownFileType = text.plist.xml; path = Info.plist; sourceTree = "<group>"; };
		C98547B02C0844A900E48989 /* WaveLoadingDemo.entitlements */ = {isa = PBXFileReference; lastKnownFileType = text.plist.entitlements; path = WaveLoadingDemo.entitlements; sourceTree = "<group>"; };
		C98547B22C0844A900E48989 /* Preview Assets.xcassets */ = {isa = PBXFileReference; lastKnownFileType = folder.assetcatalog; path = "Preview Assets.xcassets"; sourceTree = "<group>"; };
		C98547B82C0844A900E48989 /* WaveLoadingDemoTests.xctest */ = {isa = PBXFileReference; explicitFileType = wrapper.cfbundle; includeInIndex = 0; path = WaveLoadingDemoTests.xctest; sourceTree = BUILT_PRODUCTS_DIR; };
		C98547BC2C0844A900E48989 /* WaveLoadingDemoTests.swift */ = {isa = PBXFileReference; lastKnownFileType = sourcecode.swift; path = WaveLoadingDemoTests.swift; sourceTree = "<group>"; };
		C98547C22C0844A900E48989 /* WaveLoadingDemoUITests.xctest */ = {isa = PBXFileReference; explicitFileType = wrapper.cfbundle; includeInIndex = 0; path = WaveLoadingDemoUITests.xctest; sourceTree = BUILT_PRODUCTS_DIR; };
		C98547C62C0844A900E48989 /* WaveLoadingDemoUITests.swift */ = {isa = PBXFileReference; lastKnownFileType = sourcecode.swift; path = WaveLoadingDemoUITests.swift; sourceTree = "<group>"; };
		C98547C82C0844A900E48989 /* WaveLoadingDemoUITestsLaunchTests.swift */ = {isa = PBXFileReference; lastKnownFileType = sourcecode.swift; path = WaveLoadingDemoUITestsLaunchTests.swift; sourceTree = "<group>"; };
/* End PBXFileReference section */

/* Begin PBXFrameworksBuildPhase section */
		C98547A12C0844A800E48989 /* Frameworks */ = {
			isa = PBXFrameworksBuildPhase;
			buildActionMask = 2147483647;
			files = (
			);
			runOnlyForDeploymentPostprocessing = 0;
		};
		C98547B52C0844A900E48989 /* Frameworks */ = {
			isa = PBXFrameworksBuildPhase;
			buildActionMask = 2147483647;
			files = (
			);
			runOnlyForDeploymentPostprocessing = 0;
		};
		C98547BF2C0844A900E48989 /* Frameworks */ = {
			isa = PBXFrameworksBuildPhase;
			buildActionMask = 2147483647;
			files = (
			);
			runOnlyForDeploymentPostprocessing = 0;
		};
/* End PBXFrameworksBuildPhase section */

/* Begin PBXGroup section */
		C985479B2C0844A800E48989 = {
			isa = PBXGroup;
			children = (
				C98547A62C0844A800E48989 /* WaveLoadingDemo */,
				C98547BB2C0844A900E48989 /* WaveLoadingDemoTests */,
				C98547C52C0844A900E48989 /* WaveLoadingDemoUITests */,
				C98547A52C0844A800E48989 /* Products */,
			);
			sourceTree = "<group>";
		};
		C98547A52C0844A800E48989 /* Products */ = {
			isa = PBXGroup;
			children = (
				C98547A42C0844A800E48989 /* WaveLoadingDemo.app */,
				C98547B82C0844A900E48989 /* WaveLoadingDemoTests.xctest */,
				C98547C22C0844A900E48989 /* WaveLoadingDemoUITests.xctest */,
			);
			name = Products;
			sourceTree = "<group>";
		};
		C98547A62C0844A800E48989 /* WaveLoadingDemo */ = {
			isa = PBXGroup;
			children = (
				C98547A72C0844A800E48989 /* WaveLoadingDemoApp.swift */,
				C98547AB2C0844A800E48989 /* ContentView.swift */,
				C98547AD2C0844A900E48989 /* Assets.xcassets */,
				C98547AF2C0844A900E48989 /* Info.plist */,
				C98547B02C0844A900E48989 /* WaveLoadingDemo.entitlements */,
				C98547B12C0844A900E48989 /* Preview Content */,
			);
			path = WaveLoadingDemo;
			sourceTree = "<group>";
		};
		C98547B12C0844A900E48989 /* Preview Content */ = {
			isa = PBXGroup;
			children = (
				C98547B22C0844A900E48989 /* Preview Assets.xcassets */,
			);
			path = "Preview Content";
			sourceTree = "<group>";
		};
		C98547BB2C0844A900E48989 /* WaveLoadingDemoTests */ = {
			isa = PBXGroup;
			children = (
				C98547BC2C0844A900E48989 /* WaveLoadingDemoTests.swift */,
			);
			path = WaveLoadingDemoTests;
			sourceTree = "<group>";
		};
		C98547C52C0844A900E48989 /* WaveLoadingDemoUITests */ = {
			isa = PBXGroup;
			children = (
				C98547C62C0844A900E48989 /* WaveLoadingDemoUITests.swift */,
				C98547C82C0844A900E48989 /* WaveLoadingDemoUITestsLaunchTests.swift */,
			);
			path = WaveLoadingDemoUITests;
			sourceTree = "<group>";
		};
/* End PBXGroup section */

/* Begin PBXNativeTarget section */
		C98547A32C0844A800E48989 /* WaveLoadingDemo */ = {
			isa = PBXNativeTarget;
			buildConfigurationList = C98547CC2C0844A900E48989 /* Build configuration list for PBXNativeTarget "WaveLoadingDemo" */;
			buildPhases = (
				C98547A02C0844A800E48989 /* Sources */,
				C98547A12C0844A800E48989 /* Frameworks */,
				C98547A22C0844A800E48989 /* Resources */,
			);
			buildRules = (
			);
			dependencies = (
			);
			name = WaveLoadingDemo;
			productName = WaveLoadingDemo;
			productReference = C98547A42C0844A800E48989 /* WaveLoadingDemo.app */;
			productType = "com.apple.product-type.application";
		};
		C98547B72C0844A900E48989 /* WaveLoadingDemoTests */ = {
			isa = PBXNativeTarget;
			buildConfigurationList = C98547CF2C0844A900E48989 /* Build configuration list for PBXNativeTarget "WaveLoadingDemoTests" */;
			buildPhases = (
				C98547B42C0844A900E48989 /* Sources */,
				C98547B52C0844A900E48989 /* Frameworks */,
				C98547B62C0844A900E48989 /* Resources */,
			);
			buildRules = (
			);
			dependencies = (
				C98547BA2C0844A900E48989 /* PBXTargetDependency */,
			);
			name = WaveLoadingDemoTests;
			productName = WaveLoadingDemoTests;
			productReference = C98547B82C0844A900E48989 /* WaveLoadingDemoTests.xctest */;
			productType = "com.apple.product-type.bundle.unit-test";
		};
		C98547C12C0844A900E48989 /* WaveLoadingDemoUITests */ = {
			isa = PBXNativeTarget;
			buildConfigurationList = C98547D22C0844A900E48989 /* Build configuration list for PBXNativeTarget "WaveLoadingDemoUITests" */;
			buildPhases = (
				C98547BE2C0844A900E48989 /* Sources */,
				C98547BF2C0844A900E48989 /* Frameworks */,
				C98547C02C0844A900E48989 /* Resources */,
			);
			buildRules = (
			);
			dependencies = (
				C98547C42C0844A900E48989 /* PBXTargetDependency */,
			);
			name = WaveLoadingDemoUITests;
			productName = WaveLoadingDemoUITests;
			productReference = C98547C22C0844A900E48989 /* WaveLoadingDemoUITests.xctest */;
			productType = "com.apple.product-type.bundle.ui-testing";
		};
/* End PBXNativeTarget section */

/* Begin PBXProject section */
		C985479C2C0844A800E48989 /* Project object */ = {
			isa = PBXProject;
			attributes = {
				BuildIndependentTargetsInParallel = 1;
				LastSwiftUpdateCheck = 1540;
				LastUpgradeCheck = 1540;
				TargetAttributes = {
					C98547A32C0844A800E48989 = {
						CreatedOnToolsVersion = 15.4;
					};
					C98547B72C0844A900E48989 = {
						CreatedOnToolsVersion = 15.4;
						TestTargetID = C98547A32C0844A800E48989;
					};
					C98547C12C0844A900E48989 = {
						CreatedOnToolsVersion = 15.4;
						TestTargetID = C98547A32C0844A800E48989;
					};
				};
			};
			buildConfigurationList = C985479F2C0844A800E48989 /* Build configuration list for PBXProject "WaveLoadingDemo" */;
			compatibilityVersion = "Xcode 14.0";
			developmentRegion = en;
			hasScannedForEncodings = 0;
			knownRegions = (
				en,
				Base,
			);
			mainGroup = C985479B2C0844A800E48989;
			productRefGroup = C98547A52C0844A800E48989 /* Products */;
			projectDirPath = "";
			projectRoot = "";
			targets = (
				C98547A32C0844A800E48989 /* WaveLoadingDemo */,
				C98547B72C0844A900E48989 /* WaveLoadingDemoTests */,
				C98547C12C0844A900E48989 /* WaveLoadingDemoUITests */,
			);
		};
/* End PBXProject section */

/* Begin PBXResourcesBuildPhase section */
		C98547A22C0844A800E48989 /* Resources */ = {
			isa = PBXResourcesBuildPhase;
			buildActionMask = 2147483647;
			files = (
				C98547B32C0844A900E48989 /* Preview Assets.xcassets in Resources */,
				C98547AE2C0844A900E48989 /* Assets.xcassets in Resources */,
			);
			runOnlyForDeploymentPostprocessing = 0;
		};
		C98547B62C0844A900E48989 /* Resources */ = {
			isa = PBXResourcesBuildPhase;
			buildActionMask = 2147483647;
			files = (
			);
			runOnlyForDeploymentPostprocessing = 0;
		};
		C98547C02C0844A900E48989 /* Resources */ = {
			isa = PBXResourcesBuildPhase;
			buildActionMask = 2147483647;
			files = (
			);
			runOnlyForDeploymentPostprocessing = 0;
		};
/* End PBXResourcesBuildPhase section */

/* Begin PBXSourcesBuildPhase section */
		C98547A02C0844A800E48989 /* Sources */ = {
			isa = PBXSourcesBuildPhase;
			buildActionMask = 2147483647;
			files = (
				C98547A82C0844A800E48989 /* WaveLoadingDemoApp.swift in Sources */,
				C98547AC2C0844A800E48989 /* ContentView.swift in Sources */,
			);
			runOnlyForDeploymentPostprocessing = 0;
		};
		C98547B42C0844A900E48989 /* Sources */ = {
			isa = PBXSourcesBuildPhase;
			buildActionMask = 2147483647;
			files = (
				C98547BD2C0844A900E48989 /* WaveLoadingDemoTests.swift in Sources */,
			);
			runOnlyForDeploymentPostprocessing = 0;
		};
		C98547BE2C0844A900E48989 /* Sources */ = {
			isa = PBXSourcesBuildPhase;
			buildActionMask = 2147483647;
			files = (
				C98547C72C0844A900E48989 /* WaveLoadingDemoUITests.swift in Sources */,
				C98547C92C0844A900E48989 /* WaveLoadingDemoUITestsLaunchTests.swift in Sources */,
			);
			runOnlyForDeploymentPostprocessing = 0;
		};
/* End PBXSourcesBuildPhase section */

/* Begin PBXTargetDependency section */
		C98547BA2C0844A900E48989 /* PBXTargetDependency */ = {
			isa = PBXTargetDependency;
			target = C98547A32C0844A800E48989 /* WaveLoadingDemo */;
			targetProxy = C98547B92C0844A900E48989 /* PBXContainerItemProxy */;
		};
		C98547C42C0844A900E48989 /* PBXTargetDependency */ = {
			isa = PBXTargetDependency;
			target = C98547A32C0844A800E48989 /* WaveLoadingDemo */;
			targetProxy = C98547C32C0844A900E48989 /* PBXContainerItemProxy */;
		};
/* End PBXTargetDependency section */

/* Begin XCBuildConfiguration section */
		C98547CA2C0844A900E48989 /* Debug */ = {
			isa = XCBuildConfiguration;
			buildSettings = {
				ALWAYS_SEARCH_USER_PATHS = NO;
				ASSETCATALOG_COMPILER_GENERATE_SWIFT_ASSET_SYMBOL_EXTENSIONS = YES;
				CLANG_ANALYZER_NONNULL = YES;
				CLANG_ANALYZER_NUMBER_OBJECT_CONVERSION = YES_AGGRESSIVE;
				CLANG_CXX_LANGUAGE_STANDARD = "gnu++20";
				CLANG_ENABLE_MODULES = YES;
				CLANG_ENABLE_OBJC_ARC = YES;
				CLANG_ENABLE_OBJC_WEAK = YES;
				CLANG_WARN_BLOCK_CAPTURE_AUTORELEASING = YES;
				CLANG_WARN_BOOL_CONVERSION = YES;
				CLANG_WARN_COMMA = YES;
				CLANG_WARN_CONSTANT_CONVERSION = YES;
				CLANG_WARN_DEPRECATED_OBJC_IMPLEMENTATIONS = YES;
				CLANG_WARN_DIRECT_OBJC_ISA_USAGE = YES_ERROR;
				CLANG_WARN_DOCUMENTATION_COMMENTS = YES;
				CLANG_WARN_EMPTY_BODY = YES;
				CLANG_WARN_ENUM_CONVERSION = YES;
				CLANG_WARN_INFINITE_RECURSION = YES;
				CLANG_WARN_INT_CONVERSION = YES;
				CLANG_WARN_NON_LITERAL_NULL_CONVERSION = YES;
				CLANG_WARN_OBJC_IMPLICIT_RETAIN_SELF = YES;
				CLANG_WARN_OBJC_LITERAL_CONVERSION = YES;
				CLANG_WARN_OBJC_ROOT_CLASS = YES_ERROR;
				CLANG_WARN_QUOTED_INCLUDE_IN_FRAMEWORK_HEADER = YES;
				CLANG_WARN_RANGE_LOOP_ANALYSIS = YES;
				CLANG_WARN_STRICT_PROTOTYPES = YES;
				CLANG_WARN_SUSPICIOUS_MOVE = YES;
				CLANG_WARN_UNGUARDED_AVAILABILITY = YES_AGGRESSIVE;
				CLANG_WARN_UNREACHABLE_CODE = YES;
				CLANG_WARN__DUPLICATE_METHOD_MATCH = YES;
				COPY_PHASE_STRIP = NO;
				DEBUG_INFORMATION_FORMAT = dwarf;
				ENABLE_STRICT_OBJC_MSGSEND = YES;
				ENABLE_TESTABILITY = YES;
				ENABLE_USER_SCRIPT_SANDBOXING = YES;
				GCC_C_LANGUAGE_STANDARD = gnu17;
				GCC_DYNAMIC_NO_PIC = NO;
				GCC_NO_COMMON_BLOCKS = YES;
				GCC_OPTIMIZATION_LEVEL = 0;
				GCC_PREPROCESSOR_DEFINITIONS = (
					"DEBUG=1",
					"$(inherited)",
				);
				GCC_WARN_64_TO_32_BIT_CONVERSION = YES;
				GCC_WARN_ABOUT_RETURN_TYPE = YES_ERROR;
				GCC_WARN_UNDECLARED_SELECTOR = YES;
				GCC_WARN_UNINITIALIZED_AUTOS = YES_AGGRESSIVE;
				GCC_WARN_UNUSED_FUNCTION = YES;
				GCC_WARN_UNUSED_VARIABLE = YES;
				LOCALIZATION_PREFERS_STRING_CATALOGS = YES;
				MTL_ENABLE_DEBUG_INFO = INCLUDE_SOURCE;
				MTL_FAST_MATH = YES;
				ONLY_ACTIVE_ARCH = YES;
				SWIFT_ACTIVE_COMPILATION_CONDITIONS = "DEBUG $(inherited)";
				SWIFT_OPTIMIZATION_LEVEL = "-Onone";
			};
			name = Debug;
		};
		C98547CB2C0844A900E48989 /* Release */ = {
			isa = XCBuildConfiguration;
			buildSettings = {
				ALWAYS_SEARCH_USER_PATHS = NO;
				ASSETCATALOG_COMPILER_GENERATE_SWIFT_ASSET_SYMBOL_EXTENSIONS = YES;
				CLANG_ANALYZER_NONNULL = YES;
				CLANG_ANALYZER_NUMBER_OBJECT_CONVERSION = YES_AGGRESSIVE;
				CLANG_CXX_LANGUAGE_STANDARD = "gnu++20";
				CLANG_ENABLE_MODULES = YES;
				CLANG_ENABLE_OBJC_ARC = YES;
				CLANG_ENABLE_OBJC_WEAK = YES;
				CLANG_WARN_BLOCK_CAPTURE_AUTORELEASING = YES;
				CLANG_WARN_BOOL_CONVERSION = YES;
				CLANG_WARN_COMMA = YES;
				CLANG_WARN_CONSTANT_CONVERSION = YES;
				CLANG_WARN_DEPRECATED_OBJC_IMPLEMENTATIONS = YES;
				CLANG_WARN_DIRECT_OBJC_ISA_USAGE = YES_ERROR;
				CLANG_WARN_DOCUMENTATION_COMMENTS = YES;
				CLANG_WARN_EMPTY_BODY = YES;
				CLANG_WARN_ENUM_CONVERSION = YES;
				CLANG_WARN_INFINITE_RECURSION = YES;
				CLANG_WARN_INT_CONVERSION = YES;
				CLANG_WARN_NON_LITERAL_NULL_CONVERSION = YES;
				CLANG_WARN_OBJC_IMPLICIT_RETAIN_SELF = YES;
				CLANG_WARN_OBJC_LITERAL_CONVERSION = YES;
				CLANG_WARN_OBJC_ROOT_CLASS = YES_ERROR;
				CLANG_WARN_QUOTED_INCLUDE_IN_FRAMEWORK_HEADER = YES;
				CLANG_WARN_RANGE_LOOP_ANALYSIS = YES;
				CLANG_WARN_STRICT_PROTOTYPES = YES;
				CLANG_WARN_SUSPICIOUS_MOVE = YES;
				CLANG_WARN_UNGUARDED_AVAILABILITY = YES_AGGRESSIVE;
				CLANG_WARN_UNREACHABLE_CODE = YES;
				CLANG_WARN__DUPLICATE_METHOD_MATCH = YES;
				COPY_PHASE_STRIP = NO;
				DEBUG_INFORMATION_FORMAT = "dwarf-with-dsym";
				ENABLE_NS_ASSERTIONS = NO;
				ENABLE_STRICT_OBJC_MSGSEND = YES;
				ENABLE_USER_SCRIPT_SANDBOXING = YES;
				GCC_C_LANGUAGE_STANDARD = gnu17;
				GCC_NO_COMMON_BLOCKS = YES;
				GCC_WARN_64_TO_32_BIT_CONVERSION = YES;
				GCC_WARN_ABOUT_RETURN_TYPE = YES_ERROR;
				GCC_WARN_UNDECLARED_SELECTOR = YES;
				GCC_WARN_UNINITIALIZED_AUTOS = YES_AGGRESSIVE;
				GCC_WARN_UNUSED_FUNCTION = YES;
				GCC_WARN_UNUSED_VARIABLE = YES;
				LOCALIZATION_PREFERS_STRING_CATALOGS = YES;
				MTL_ENABLE_DEBUG_INFO = NO;
				MTL_FAST_MATH = YES;
				SWIFT_COMPILATION_MODE = wholemodule;
			};
			name = Release;
		};
		C98547CD2C0844A900E48989 /* Debug */ = {
			isa = XCBuildConfiguration;
			buildSettings = {
				ASSETCATALOG_COMPILER_APPICON_NAME = AppIcon;
				ASSETCATALOG_COMPILER_GLOBAL_ACCENT_COLOR_NAME = AccentColor;
				CODE_SIGN_ENTITLEMENTS = WaveLoadingDemo/WaveLoadingDemo.entitlements;
				CODE_SIGN_STYLE = Automatic;
				CURRENT_PROJECT_VERSION = 1;
				DEVELOPMENT_ASSET_PATHS = "\"WaveLoadingDemo/Preview Content\"";
				DEVELOPMENT_TEAM = LN4JU8GNV7;
				ENABLE_HARDENED_RUNTIME = YES;
				ENABLE_PREVIEWS = YES;
				GENERATE_INFOPLIST_FILE = YES;
				INFOPLIST_FILE = WaveLoadingDemo/Info.plist;
				"INFOPLIST_KEY_UIApplicationSceneManifest_Generation[sdk=iphoneos*]" = YES;
				"INFOPLIST_KEY_UIApplicationSceneManifest_Generation[sdk=iphonesimulator*]" = YES;
				"INFOPLIST_KEY_UIApplicationSupportsIndirectInputEvents[sdk=iphoneos*]" = YES;
				"INFOPLIST_KEY_UIApplicationSupportsIndirectInputEvents[sdk=iphonesimulator*]" = YES;
				"INFOPLIST_KEY_UILaunchScreen_Generation[sdk=iphoneos*]" = YES;
				"INFOPLIST_KEY_UILaunchScreen_Generation[sdk=iphonesimulator*]" = YES;
				"INFOPLIST_KEY_UIStatusBarStyle[sdk=iphoneos*]" = UIStatusBarStyleDefault;
				"INFOPLIST_KEY_UIStatusBarStyle[sdk=iphonesimulator*]" = UIStatusBarStyleDefault;
				INFOPLIST_KEY_UISupportedInterfaceOrientations_iPad = "UIInterfaceOrientationPortrait UIInterfaceOrientationPortraitUpsideDown UIInterfaceOrientationLandscapeLeft UIInterfaceOrientationLandscapeRight";
				INFOPLIST_KEY_UISupportedInterfaceOrientations_iPhone = "UIInterfaceOrientationPortrait UIInterfaceOrientationLandscapeLeft UIInterfaceOrientationLandscapeRight";
				"INFOPLIST_KEY_UISupportsDocumentBrowser[sdk=iphoneos*]" = YES;
				"INFOPLIST_KEY_UISupportsDocumentBrowser[sdk=iphonesimulator*]" = YES;
				IPHONEOS_DEPLOYMENT_TARGET = 17.5;
				LD_RUNPATH_SEARCH_PATHS = "@executable_path/Frameworks";
				"LD_RUNPATH_SEARCH_PATHS[sdk=macosx*]" = "@executable_path/../Frameworks";
				MACOSX_DEPLOYMENT_TARGET = 14.5;
				MARKETING_VERSION = 1.0;
				PRODUCT_BUNDLE_IDENTIFIER = com.BrianMasse.WaveLoadingDemo;
				PRODUCT_NAME = "$(TARGET_NAME)";
				SDKROOT = auto;
				SUPPORTED_PLATFORMS = "iphoneos iphonesimulator macosx";
				SWIFT_EMIT_LOC_STRINGS = YES;
				SWIFT_VERSION = 5.0;
				TARGETED_DEVICE_FAMILY = "1,2";
			};
			name = Debug;
		};
		C98547CE2C0844A900E48989 /* Release */ = {
			isa = XCBuildConfiguration;
			buildSettings = {
				ASSETCATALOG_COMPILER_APPICON_NAME = AppIcon;
				ASSETCATALOG_COMPILER_GLOBAL_ACCENT_COLOR_NAME = AccentColor;
				CODE_SIGN_ENTITLEMENTS = WaveLoadingDemo/WaveLoadingDemo.entitlements;
				CODE_SIGN_STYLE = Automatic;
				CURRENT_PROJECT_VERSION = 1;
				DEVELOPMENT_ASSET_PATHS = "\"WaveLoadingDemo/Preview Content\"";
				DEVELOPMENT_TEAM = LN4JU8GNV7;
				ENABLE_HARDENED_RUNTIME = YES;
				ENABLE_PREVIEWS = YES;
				GENERATE_INFOPLIST_FILE = YES;
				INFOPLIST_FILE = WaveLoadingDemo/Info.plist;
				"INFOPLIST_KEY_UIApplicationSceneManifest_Generation[sdk=iphoneos*]" = YES;
				"INFOPLIST_KEY_UIApplicationSceneManifest_Generation[sdk=iphonesimulator*]" = YES;
				"INFOPLIST_KEY_UIApplicationSupportsIndirectInputEvents[sdk=iphoneos*]" = YES;
				"INFOPLIST_KEY_UIApplicationSupportsIndirectInputEvents[sdk=iphonesimulator*]" = YES;
				"INFOPLIST_KEY_UILaunchScreen_Generation[sdk=iphoneos*]" = YES;
				"INFOPLIST_KEY_UILaunchScreen_Generation[sdk=iphonesimulator*]" = YES;
				"INFOPLIST_KEY_UIStatusBarStyle[sdk=iphoneos*]" = UIStatusBarStyleDefault;
				"INFOPLIST_KEY_UIStatusBarStyle[sdk=iphonesimulator*]" = UIStatusBarStyleDefault;
				INFOPLIST_KEY_UISupportedInterfaceOrientations_iPad = "UIInterfaceOrientationPortrait UIInterfaceOrientationPortraitUpsideDown UIInterfaceOrientationLandscapeLeft UIInterfaceOrientationLandscapeRight";
				INFOPLIST_KEY_UISupportedInterfaceOrientations_iPhone = "UIInterfaceOrientationPortrait UIInterfaceOrientationLandscapeLeft UIInterfaceOrientationLandscapeRight";
				"INFOPLIST_KEY_UISupportsDocumentBrowser[sdk=iphoneos*]" = YES;
				"INFOPLIST_KEY_UISupportsDocumentBrowser[sdk=iphonesimulator*]" = YES;
				IPHONEOS_DEPLOYMENT_TARGET = 17.5;
				LD_RUNPATH_SEARCH_PATHS = "@executable_path/Frameworks";
				"LD_RUNPATH_SEARCH_PATHS[sdk=macosx*]" = "@executable_path/../Frameworks";
				MACOSX_DEPLOYMENT_TARGET = 14.5;
				MARKETING_VERSION = 1.0;
				PRODUCT_BUNDLE_IDENTIFIER = com.BrianMasse.WaveLoadingDemo;
				PRODUCT_NAME = "$(TARGET_NAME)";
				SDKROOT = auto;
				SUPPORTED_PLATFORMS = "iphoneos iphonesimulator macosx";
				SWIFT_EMIT_LOC_STRINGS = YES;
				SWIFT_VERSION = 5.0;
				TARGETED_DEVICE_FAMILY = "1,2";
			};
			name = Release;
		};
		C98547D02C0844A900E48989 /* Debug */ = {
			isa = XCBuildConfiguration;
			buildSettings = {
				ALWAYS_EMBED_SWIFT_STANDARD_LIBRARIES = YES;
				BUNDLE_LOADER = "$(TEST_HOST)";
				CODE_SIGN_STYLE = Automatic;
				CURRENT_PROJECT_VERSION = 1;
				DEVELOPMENT_TEAM = LN4JU8GNV7;
				GENERATE_INFOPLIST_FILE = YES;
				IPHONEOS_DEPLOYMENT_TARGET = 17.5;
				MACOSX_DEPLOYMENT_TARGET = 14.5;
				MARKETING_VERSION = 1.0;
				PRODUCT_BUNDLE_IDENTIFIER = com.BrianMasse.WaveLoadingDemoTests;
				PRODUCT_NAME = "$(TARGET_NAME)";
				SDKROOT = auto;
				SUPPORTED_PLATFORMS = "iphoneos iphonesimulator macosx";
				SWIFT_EMIT_LOC_STRINGS = NO;
				SWIFT_VERSION = 5.0;
				TARGETED_DEVICE_FAMILY = "1,2";
				TEST_HOST = "$(BUILT_PRODUCTS_DIR)/WaveLoadingDemo.app/$(BUNDLE_EXECUTABLE_FOLDER_PATH)/WaveLoadingDemo";
			};
			name = Debug;
		};
		C98547D12C0844A900E48989 /* Release */ = {
			isa = XCBuildConfiguration;
			buildSettings = {
				ALWAYS_EMBED_SWIFT_STANDARD_LIBRARIES = YES;
				BUNDLE_LOADER = "$(TEST_HOST)";
				CODE_SIGN_STYLE = Automatic;
				CURRENT_PROJECT_VERSION = 1;
				DEVELOPMENT_TEAM = LN4JU8GNV7;
				GENERATE_INFOPLIST_FILE = YES;
				IPHONEOS_DEPLOYMENT_TARGET = 17.5;
				MACOSX_DEPLOYMENT_TARGET = 14.5;
				MARKETING_VERSION = 1.0;
				PRODUCT_BUNDLE_IDENTIFIER = com.BrianMasse.WaveLoadingDemoTests;
				PRODUCT_NAME = "$(TARGET_NAME)";
				SDKROOT = auto;
				SUPPORTED_PLATFORMS = "iphoneos iphonesimulator macosx";
				SWIFT_EMIT_LOC_STRINGS = NO;
				SWIFT_VERSION = 5.0;
				TARGETED_DEVICE_FAMILY = "1,2";
				TEST_HOST = "$(BUILT_PRODUCTS_DIR)/WaveLoadingDemo.app/$(BUNDLE_EXECUTABLE_FOLDER_PATH)/WaveLoadingDemo";
			};
			name = Release;
		};
		C98547D32C0844A900E48989 /* Debug */ = {
			isa = XCBuildConfiguration;
			buildSettings = {
				ALWAYS_EMBED_SWIFT_STANDARD_LIBRARIES = YES;
				CODE_SIGN_STYLE = Automatic;
				CURRENT_PROJECT_VERSION = 1;
				DEVELOPMENT_TEAM = LN4JU8GNV7;
				GENERATE_INFOPLIST_FILE = YES;
				IPHONEOS_DEPLOYMENT_TARGET = 17.5;
				MACOSX_DEPLOYMENT_TARGET = 14.5;
				MARKETING_VERSION = 1.0;
				PRODUCT_BUNDLE_IDENTIFIER = com.BrianMasse.WaveLoadingDemoUITests;
				PRODUCT_NAME = "$(TARGET_NAME)";
				SDKROOT = auto;
				SUPPORTED_PLATFORMS = "iphoneos iphonesimulator macosx";
				SWIFT_EMIT_LOC_STRINGS = NO;
				SWIFT_VERSION = 5.0;
				TARGETED_DEVICE_FAMILY = "1,2";
				TEST_TARGET_NAME = WaveLoadingDemo;
			};
			name = Debug;
		};
		C98547D42C0844A900E48989 /* Release */ = {
			isa = XCBuildConfiguration;
			buildSettings = {
				ALWAYS_EMBED_SWIFT_STANDARD_LIBRARIES = YES;
				CODE_SIGN_STYLE = Automatic;
				CURRENT_PROJECT_VERSION = 1;
				DEVELOPMENT_TEAM = LN4JU8GNV7;
				GENERATE_INFOPLIST_FILE = YES;
				IPHONEOS_DEPLOYMENT_TARGET = 17.5;
				MACOSX_DEPLOYMENT_TARGET = 14.5;
				MARKETING_VERSION = 1.0;
				PRODUCT_BUNDLE_IDENTIFIER = com.BrianMasse.WaveLoadingDemoUITests;
				PRODUCT_NAME = "$(TARGET_NAME)";
				SDKROOT = auto;
				SUPPORTED_PLATFORMS = "iphoneos iphonesimulator macosx";
				SWIFT_EMIT_LOC_STRINGS = NO;
				SWIFT_VERSION = 5.0;
				TARGETED_DEVICE_FAMILY = "1,2";
				TEST_TARGET_NAME = WaveLoadingDemo;
			};
			name = Release;
		};
/* End XCBuildConfiguration section */

/* Begin XCConfigurationList section */
		C985479F2C0844A800E48989 /* Build configuration list for PBXProject "WaveLoadingDemo" */ = {
			isa = XCConfigurationList;
			buildConfigurations = (
				C98547CA2C0844A900E48989 /* Debug */,
				C98547CB2C0844A900E48989 /* Release */,
			);
			defaultConfigurationIsVisible = 0;
			defaultConfigurationName = Release;
		};
		C98547CC2C0844A900E48989 /* Build configuration list for PBXNativeTarget "WaveLoadingDemo" */ = {
			isa = XCConfigurationList;
			buildConfigurations = (
				C98547CD2C0844A900E48989 /* Debug */,
				C98547CE2C0844A900E48989 /* Release */,
			);
			defaultConfigurationIsVisible = 0;
			defaultConfigurationName = Release;
		};
		C98547CF2C0844A900E48989 /* Build configuration list for PBXNativeTarget "WaveLoadingDemoTests" */ = {
			isa = XCConfigurationList;
			buildConfigurations = (
				C98547D02C0844A900E48989 /* Debug */,
				C98547D12C0844A900E48989 /* Release */,
			);
			defaultConfigurationIsVisible = 0;
			defaultConfigurationName = Release;
		};
		C98547D22C0844A900E48989 /* Build configuration list for PBXNativeTarget "WaveLoadingDemoUITests" */ = {
			isa = XCConfigurationList;
			buildConfigurations = (
				C98547D32C0844A900E48989 /* Debug */,
				C98547D42C0844A900E48989 /* Release */,
			);
			defaultConfigurationIsVisible = 0;
			defaultConfigurationName = Release;
		};
/* End XCConfigurationList section */
	};
	rootObject = C985479C2C0844A800E48989 /* Project object */;
}
